
Microsoft Visual Studio Solution File, Format Version 12.00
# Visual Studio Version 17
VisualStudioVersion = 17.8.34408.163
MinimumVisualStudioVersion = 10.0.40219.1
Project("{FAE04EC0-301F-11D3-BF4B-00C04F79EFBC}") = "Акцесвпф", "Акцесвпф.csproj", "{D28CA8D7-DD32-4A1F-AF0D-71529CC09486}"
EndProject
Global
	GlobalSection(SolutionConfigurationPlatforms) = preSolution
		Debug|Any CPU = Debug|Any CPU
		Release|Any CPU = Release|Any CPU
	EndGlobalSection
	GlobalSection(ProjectConfigurationPlatforms) = postSolution
		{D28CA8D7-DD32-4A1F-AF0D-71529CC09486}.Debug|Any CPU.ActiveCfg = Debug|Any CPU
		{D28CA8D7-DD32-4A1F-AF0D-71529CC09486}.Debug|Any CPU.Build.0 = Debug|Any CPU
		{D28CA8D7-DD32-4A1F-AF0D-71529CC09486}.Release|Any CPU.ActiveCfg = Release|Any CPU
		{D28CA8D7-DD32-4A1F-AF0D-71529CC09486}.Release|Any CPU.Build.0 = Release|Any CPU
	EndGlobalSection
	GlobalSection(SolutionProperties) = preSolution
		HideSolutionNode = FALSE
	EndGlobalSection
	GlobalSection(ExtensibilityGlobals) = postSolution
		SolutionGuid = {1DCBCF8C-22C9-414F-A755-604275D14575}
	EndGlobalSection
EndGlobal
